
Microsoft Visual Studio Solution File, Format Version 12.00
# Visual Studio Version 16
VisualStudioVersion = 16.0.30330.147
MinimumVisualStudioVersion = 10.0.40219.1
Project("{9A19103F-16F7-4668-BE54-9A1E7A4F7556}") = "TiendaServicios.Api.Autor", "TiendaServicios.Api.Autor\TiendaServicios.Api.Autor.csproj", "{93C65408-1560-430D-9A84-B565453721AA}"
EndProject
Project("{9A19103F-16F7-4668-BE54-9A1E7A4F7556}") = "TiendaServicios.Api.Libro", "TiendaServicios.Api.Libro\TiendaServicios.Api.Libro.csproj", "{6F60F1AE-FAAC-43B9-A6C0-EE5A8A3B2806}"
EndProject
Project("{FAE04EC0-301F-11D3-BF4B-00C04F79EFBC}") = "TiendaServicios.Api.CarritoCompra", "TiendaServicios.Api.CarritoCompra\TiendaServicios.Api.CarritoCompra.csproj", "{E7AC2B14-78B1-410E-AA6E-0E2E4D538D5F}"
EndProject
Global
	GlobalSection(SolutionConfigurationPlatforms) = preSolution
		Debug|Any CPU = Debug|Any CPU
		Release|Any CPU = Release|Any CPU
	EndGlobalSection
	GlobalSection(ProjectConfigurationPlatforms) = postSolution
		{93C65408-1560-430D-9A84-B565453721AA}.Debug|Any CPU.ActiveCfg = Debug|Any CPU
		{93C65408-1560-430D-9A84-B565453721AA}.Debug|Any CPU.Build.0 = Debug|Any CPU
		{93C65408-1560-430D-9A84-B565453721AA}.Release|Any CPU.ActiveCfg = Release|Any CPU
		{93C65408-1560-430D-9A84-B565453721AA}.Release|Any CPU.Build.0 = Release|Any CPU
		{6F60F1AE-FAAC-43B9-A6C0-EE5A8A3B2806}.Debug|Any CPU.ActiveCfg = Debug|Any CPU
		{6F60F1AE-FAAC-43B9-A6C0-EE5A8A3B2806}.Debug|Any CPU.Build.0 = Debug|Any CPU
		{6F60F1AE-FAAC-43B9-A6C0-EE5A8A3B2806}.Release|Any CPU.ActiveCfg = Release|Any CPU
		{6F60F1AE-FAAC-43B9-A6C0-EE5A8A3B2806}.Release|Any CPU.Build.0 = Release|Any CPU
		{E7AC2B14-78B1-410E-AA6E-0E2E4D538D5F}.Debug|Any CPU.ActiveCfg = Debug|Any CPU
		{E7AC2B14-78B1-410E-AA6E-0E2E4D538D5F}.Debug|Any CPU.Build.0 = Debug|Any CPU
		{E7AC2B14-78B1-410E-AA6E-0E2E4D538D5F}.Release|Any CPU.ActiveCfg = Release|Any CPU
		{E7AC2B14-78B1-410E-AA6E-0E2E4D538D5F}.Release|Any CPU.Build.0 = Release|Any CPU
	EndGlobalSection
	GlobalSection(SolutionProperties) = preSolution
		HideSolutionNode = FALSE
	EndGlobalSection
	GlobalSection(ExtensibilityGlobals) = postSolution
		SolutionGuid = {6AE5187E-0E3D-419B-B3C2-03D4F6CB6B98}
	EndGlobalSection
EndGlobal
